
Microsoft Visual Studio Solution File, Format Version 12.00
# Visual Studio Version 17
VisualStudioVersion = 17.11.35303.130
MinimumVisualStudioVersion = 10.0.40219.1
Project("{FAE04EC0-301F-11D3-BF4B-00C04F79EFBC}") = "Onatrix", "Onatrix\Onatrix.csproj", "{88A10822-FD5D-467F-9A80-E941615B9C2D}"
EndProject
Global
	GlobalSection(SolutionConfigurationPlatforms) = preSolution
		Debug|Any CPU = Debug|Any CPU
		Release|Any CPU = Release|Any CPU
	EndGlobalSection
	GlobalSection(ProjectConfigurationPlatforms) = postSolution
		{88A10822-FD5D-467F-9A80-E941615B9C2D}.Debug|Any CPU.ActiveCfg = Debug|Any CPU
		{88A10822-FD5D-467F-9A80-E941615B9C2D}.Debug|Any CPU.Build.0 = Debug|Any CPU
		{88A10822-FD5D-467F-9A80-E941615B9C2D}.Release|Any CPU.ActiveCfg = Release|Any CPU
		{88A10822-FD5D-467F-9A80-E941615B9C2D}.Release|Any CPU.Build.0 = Release|Any CPU
	EndGlobalSection
	GlobalSection(SolutionProperties) = preSolution
		HideSolutionNode = FALSE
	EndGlobalSection
	GlobalSection(ExtensibilityGlobals) = postSolution
		SolutionGuid = {48AA4DDA-B54C-4096-975D-03AF0C8A9AE0}
	EndGlobalSection
EndGlobal
